
Microsoft Visual Studio Solution File, Format Version 12.00
# Visual Studio Version 16
VisualStudioVersion = 16.0.30717.126
MinimumVisualStudioVersion = 10.0.40219.1
Project("{9A19103F-16F7-4668-BE54-9A1E7A4F7556}") = "SupermarketAPI", "SupermarketAPI\SupermarketAPI.csproj", "{431C5AF4-6300-4427-9CE9-F6AC385DD5DF}"
EndProject
Project("{9A19103F-16F7-4668-BE54-9A1E7A4F7556}") = "CoreDomain", "CoreDomain\CoreDomain.csproj", "{40416B29-E2BC-432D-9948-3408DA2618EF}"
EndProject
Project("{9A19103F-16F7-4668-BE54-9A1E7A4F7556}") = "SqlDAL", "SqlRepositories\SqlDAL.csproj", "{3BE843DA-7C85-49D9-8238-44CCA1D0D9C2}"
EndProject
Project("{9A19103F-16F7-4668-BE54-9A1E7A4F7556}") = "Common", "Common\Common.csproj", "{AF03F917-8A6A-4CE8-8866-5FF2A7B3731E}"
EndProject
Global
	GlobalSection(SolutionConfigurationPlatforms) = preSolution
		Debug|Any CPU = Debug|Any CPU
		Release|Any CPU = Release|Any CPU
	EndGlobalSection
	GlobalSection(ProjectConfigurationPlatforms) = postSolution
		{431C5AF4-6300-4427-9CE9-F6AC385DD5DF}.Debug|Any CPU.ActiveCfg = Debug|Any CPU
		{431C5AF4-6300-4427-9CE9-F6AC385DD5DF}.Debug|Any CPU.Build.0 = Debug|Any CPU
		{431C5AF4-6300-4427-9CE9-F6AC385DD5DF}.Release|Any CPU.ActiveCfg = Release|Any CPU
		{431C5AF4-6300-4427-9CE9-F6AC385DD5DF}.Release|Any CPU.Build.0 = Release|Any CPU
		{40416B29-E2BC-432D-9948-3408DA2618EF}.Debug|Any CPU.ActiveCfg = Debug|Any CPU
		{40416B29-E2BC-432D-9948-3408DA2618EF}.Debug|Any CPU.Build.0 = Debug|Any CPU
		{40416B29-E2BC-432D-9948-3408DA2618EF}.Release|Any CPU.ActiveCfg = Release|Any CPU
		{40416B29-E2BC-432D-9948-3408DA2618EF}.Release|Any CPU.Build.0 = Release|Any CPU
		{3BE843DA-7C85-49D9-8238-44CCA1D0D9C2}.Debug|Any CPU.ActiveCfg = Debug|Any CPU
		{3BE843DA-7C85-49D9-8238-44CCA1D0D9C2}.Debug|Any CPU.Build.0 = Debug|Any CPU
		{3BE843DA-7C85-49D9-8238-44CCA1D0D9C2}.Release|Any CPU.ActiveCfg = Release|Any CPU
		{3BE843DA-7C85-49D9-8238-44CCA1D0D9C2}.Release|Any CPU.Build.0 = Release|Any CPU
		{AF03F917-8A6A-4CE8-8866-5FF2A7B3731E}.Debug|Any CPU.ActiveCfg = Debug|Any CPU
		{AF03F917-8A6A-4CE8-8866-5FF2A7B3731E}.Debug|Any CPU.Build.0 = Debug|Any CPU
		{AF03F917-8A6A-4CE8-8866-5FF2A7B3731E}.Release|Any CPU.ActiveCfg = Release|Any CPU
		{AF03F917-8A6A-4CE8-8866-5FF2A7B3731E}.Release|Any CPU.Build.0 = Release|Any CPU
	EndGlobalSection
	GlobalSection(SolutionProperties) = preSolution
		HideSolutionNode = FALSE
	EndGlobalSection
	GlobalSection(ExtensibilityGlobals) = postSolution
		SolutionGuid = {89320B48-DF9E-41F3-843F-458069F23B94}
	EndGlobalSection
EndGlobal
